# THIS IS AN AUTOGENERATED FILE. DO NOT EDIT THIS FILE DIRECTLY.
# yarn lockfile v1


"@ruby2js/ruby2js@>= 0.1.0":
  version "0.1.0"
  resolved "https://registry.yarnpkg.com/@ruby2js/ruby2js/-/ruby2js-0.1.0.tgz#b91b84d3a192b8d3a0e5b3b8cd97eca413b32f9f"
  integrity sha512-ojixCXGH6ss0R0stsjM8sLDw/n48j/Be1pgX/w33E+oiXGVPhHir9+DTdQibK1sn4MtRji0l0wtMQa81xhAJhQ==

node-modules-regexp@^1.0.0:
  version "1.0.0"
  resolved "https://registry.yarnpkg.com/node-modules-regexp/-/node-modules-regexp-1.0.0.tgz#8d9dbe28964a4ac5712e9131642107c71e90ec40"
  integrity sha1-jZ2+KJZKSsVxLpExZCEHxx6Q7EA=

pirates@^4.0.1:
  version "4.0.1"
  resolved "https://registry.yarnpkg.com/pirates/-/pirates-4.0.1.tgz#643a92caf894566f91b2b986d2c66950a8e2fb87"
  integrity sha512-WuNqLTbMI3tmfef2TKxlQmAiLHKtFhlsCZnPIpuv2Ow0RDVO8lfy1Opf4NUzlMXLjPl+Men7AuVdX6TA+s+uGA==
  dependencies:
    node-modules-regexp "^1.0.0"
