# THIS IS AN AUTOGENERATED FILE. DO NOT EDIT THIS FILE DIRECTLY.
# yarn lockfile v1


"@ruby2js/ruby2js@>= 0.1.0":
  version "5.1.2"
  resolved "https://registry.yarnpkg.com/@ruby2js/ruby2js/-/ruby2js-5.1.2.tgz#d8067a4d38f5476b658fb65a66e1861d52b860b6"
  integrity sha512-ImSX6j9N7M39qoI522Uy7ytpQzTQEhDBWf4bJbJG93eHv9WlVAq86xEz8x3RB8yNhrqcJEc2GGgbwI67xbT6CQ==

pirates@^4.0.1:
  version "4.0.7"
  resolved "https://registry.yarnpkg.com/pirates/-/pirates-4.0.7.tgz#643b4a18c4257c8a65104b73f3049ce9a0a15e22"
  integrity sha512-TfySrs/5nm8fQJDcBDuUng3VOUKsd7S+zqvbOTiGXHfxX4wK31ard+hoNuvkicM/2YFzlpDgABOevKSsB4G/FA==
