{
  "name": "rails-in-js",
  "version": "0.1.0",
  "lockfileVersion": 3,
  "requires": true,
  "packages": {
    "": {
      "name": "rails-in-js",
      "version": "0.1.0",
      "dependencies": {
        "sql.js": "^1.11.0"
      }
    },
    "node_modules/sql.js": {
      "version": "1.13.0",
      "resolved": "https://registry.npmjs.org/sql.js/-/sql.js-1.13.0.tgz",
      "integrity": "sha512-RJbVP1HRDlUUXahJ7VMTcu9Rm1Nzw+EBpoPr94vnbD4LwR715F3CcxE2G2k45PewcaZ57pjetYa+LoSJLAASgA==",
      "license": "MIT"
    }
  }
}
