{
  "name": "ruby2js-selfhost",
  "version": "1.0.0",
  "lockfileVersion": 3,
  "requires": true,
  "packages": {
    "": {
      "name": "ruby2js-selfhost",
      "version": "1.0.0",
      "license": "MIT",
      "dependencies": {
        "@ruby/prism": "^1.6.0"
      }
    },
    "node_modules/@ruby/prism": {
      "version": "1.6.0",
      "resolved": "https://registry.npmjs.org/@ruby/prism/-/prism-1.6.0.tgz",
      "integrity": "sha512-N0gVjHnM6v5YZ7T+eL//ZSN+3SJ8gaYlj2X655MDvf2B/r/RzM05gyP2jnM3OyqqjAwXH6EpuE+fKmVsDXS1DQ==",
      "license": "MIT"
    }
  }
}
