{
  "name": "ruby2js",
  "version": "6.0.0-beta",
  "lockfileVersion": 3,
  "requires": true,
  "packages": {
    "": {
      "name": "ruby2js",
      "version": "6.0.0-beta",
      "license": "MIT",
      "dependencies": {
        "@ruby/prism": "^1.9.0"
      },
      "bin": {
        "ruby2js": "ruby2js-cli.js"
      }
    },
    "node_modules/@ruby/prism": {
      "version": "1.9.0",
      "resolved": "https://registry.npmjs.org/@ruby/prism/-/prism-1.9.0.tgz",
      "integrity": "sha512-/j+JfP1eA0nCjx6c/8L6K/ENErmsqc6RMAba8rKYNz4RadrT7AW20u4WrjpWYWzdlk6k1YWHxoW9OS68w02+Vw==",
      "license": "MIT"
    }
  }
}
