PATH
  remote: /Users/rubys/git/ruby2js
  specs:
    ruby2js (5.1.2)
      parser
      regexp_parser (~> 2.9)

GEM
  remote: https://rubygems.org/
  specs:
    ast (2.4.3)
    base64 (0.3.0)
    execjs (2.10.0)
    json (2.17.1)
    mustermann (3.0.4)
      ruby2_keywords (~> 0.0.1)
    nio4r (2.7.5)
    nokogiri (1.18.10-arm64-darwin)
      racc (~> 1.4)
    opal (1.8.2)
      ast (>= 2.3.0)
      parser (~> 3.0, >= 3.0.3.2)
    parser (3.3.10.0)
      ast (~> 2.4.1)
      racc
    puma (7.1.0)
      nio4r (~> 2.0)
    racc (1.8.1)
    rack (2.2.21)
    rack-protection (3.2.0)
      base64 (>= 0.1.0)
      rack (~> 2.2, >= 2.2.4)
    rake (13.3.1)
    regexp_parser (2.11.3)
    ruby2_keywords (0.0.5)
    sinatra (3.2.0)
      mustermann (~> 3.0)
      rack (~> 2.2, >= 2.2.4)
      rack-protection (= 3.2.0)
      tilt (~> 2.0)
    tilt (2.6.1)
    wunderbar (1.6.0)
      json

PLATFORMS
  arm64-darwin

DEPENDENCIES
  execjs
  nokogiri
  opal (~> 1.0)
  puma
  rack (~> 2.2)
  rake
  regexp_parser
  ruby2js!
  sinatra
  wunderbar (>= 0.23.0)

BUNDLED WITH
   2.7.2
