PATH
  remote: /Users/rubys/git/ruby2js
  specs:
    ruby2js (5.1.2)
      parser
      regexp_parser (~> 2.9)

GEM
  remote: https://rubygems.org/
  specs:
    ast (2.4.3)
    base64 (0.3.0)
    execjs (2.10.0)
    logger (1.7.0)
    mini_portile2 (2.8.9)
    mustermann (3.0.4)
      ruby2_keywords (~> 0.0.1)
    nio4r (2.7.5)
    nokogiri (1.18.10)
      mini_portile2 (~> 2.8.2)
      racc (~> 1.4)
    nokogiri (1.18.10-aarch64-linux-gnu)
      racc (~> 1.4)
    nokogiri (1.18.10-aarch64-linux-musl)
      racc (~> 1.4)
    nokogiri (1.18.10-arm-linux-gnu)
      racc (~> 1.4)
    nokogiri (1.18.10-arm-linux-musl)
      racc (~> 1.4)
    nokogiri (1.18.10-arm64-darwin)
      racc (~> 1.4)
    nokogiri (1.18.10-x86_64-darwin)
      racc (~> 1.4)
    nokogiri (1.18.10-x86_64-linux-gnu)
      racc (~> 1.4)
    nokogiri (1.18.10-x86_64-linux-musl)
      racc (~> 1.4)
    opal (1.8.2)
      ast (>= 2.3.0)
      parser (~> 3.0, >= 3.0.3.2)
    parser (3.3.10.0)
      ast (~> 2.4.1)
      racc
    puma (7.1.0)
      nio4r (~> 2.0)
    racc (1.8.1)
    rack (3.2.4)
    rack-protection (4.2.1)
      base64 (>= 0.1.0)
      logger (>= 1.6.0)
      rack (>= 3.0.0, < 4)
    rack-session (2.1.1)
      base64 (>= 0.1.0)
      rack (>= 3.0.0)
    rackup (2.3.1)
      rack (>= 3)
    rake (13.3.1)
    regexp_parser (2.11.3)
    ruby2_keywords (0.0.5)
    sinatra (4.2.1)
      logger (>= 1.6.0)
      mustermann (~> 3.0)
      rack (>= 3.0.0, < 4)
      rack-protection (= 4.2.1)
      rack-session (>= 2.0.0, < 3)
      tilt (~> 2.0)
    tilt (2.6.1)

PLATFORMS
  aarch64-linux-gnu
  aarch64-linux-musl
  arm-linux-gnu
  arm-linux-musl
  arm64-darwin
  x86_64-darwin
  x86_64-linux-gnu
  x86_64-linux-musl

DEPENDENCIES
  execjs
  nokogiri
  opal (~> 1.0)
  puma
  rack (>= 3.0)
  rackup
  rake
  regexp_parser
  ruby2js!
  sinatra (>= 4.0)

CHECKSUMS
  ast (2.4.3) sha256=954615157c1d6a382bc27d690d973195e79db7f55e9765ac7c481c60bdb4d383
  base64 (0.3.0) sha256=27337aeabad6ffae05c265c450490628ef3ebd4b67be58257393227588f5a97b
  execjs (2.10.0) sha256=6bcb8be8f0052ff9d370b65d1c080f2406656e150452a0abdb185a133048450d
  logger (1.7.0) sha256=196edec7cc44b66cfb40f9755ce11b392f21f7967696af15d274dde7edff0203
  mini_portile2 (2.8.9) sha256=0cd7c7f824e010c072e33f68bc02d85a00aeb6fce05bb4819c03dfd3c140c289
  mustermann (3.0.4) sha256=85fadcb6b3c6493a8b511b42426f904b7f27b282835502233dd154daab13aa22
  nio4r (2.7.5) sha256=6c90168e48fb5f8e768419c93abb94ba2b892a1d0602cb06eef16d8b7df1dca1
  nokogiri (1.18.10) sha256=d5cc0731008aa3b3a87b361203ea3d19b2069628cb55e46ac7d84a0445e69cc1
  nokogiri (1.18.10-aarch64-linux-gnu) sha256=7fb87235d729c74a2be635376d82b1d459230cc17c50300f8e4fcaabc6195344
  nokogiri (1.18.10-aarch64-linux-musl) sha256=7e74e58314297cc8a8f1b533f7212d1999dbe2639a9ee6d97b483ea2acc18944
  nokogiri (1.18.10-arm-linux-gnu) sha256=51f4f25ab5d5ba1012d6b16aad96b840a10b067b93f35af6a55a2c104a7ee322
  nokogiri (1.18.10-arm-linux-musl) sha256=1c6ea754e51cecc85c30ee8ab1e6aa4ce6b6e134d01717e9290e79374a9e00aa
  nokogiri (1.18.10-arm64-darwin) sha256=c2b0de30770f50b92c9323fa34a4e1cf5a0af322afcacd239cd66ee1c1b22c85
  nokogiri (1.18.10-x86_64-darwin) sha256=536e74bed6db2b5076769cab5e5f5af0cd1dccbbd75f1b3e1fa69d1f5c2d79e2
  nokogiri (1.18.10-x86_64-linux-gnu) sha256=ff5ba26ba2dbce5c04b9ea200777fd225061d7a3930548806f31db907e500f72
  nokogiri (1.18.10-x86_64-linux-musl) sha256=0651fccf8c2ebbc2475c8b1dfd7ccac3a0a6d09f8a41b72db8c21808cb483385
  opal (1.8.2) sha256=cedde4e1691d7cdaaf0aadac99fbf1fdb5bb90fe2dcc60e968f984601bd5d4e3
  parser (3.3.10.0) sha256=ce3587fa5cc55a88c4ba5b2b37621b3329aadf5728f9eafa36bbd121462aabd6
  puma (7.1.0) sha256=e45c10cb124f224d448c98db653a75499794edbecadc440ad616cf50f2fd49dd
  racc (1.8.1) sha256=4a7f6929691dbec8b5209a0b373bc2614882b55fc5d2e447a21aaa691303d62f
  rack (3.2.4) sha256=5d74b6f75082a643f43c1e76b419c40f0e5527fcfee1e669ac1e6b73c0ccb6f6
  rack-protection (4.2.1) sha256=cf6e2842df8c55f5e4d1a4be015e603e19e9bc3a7178bae58949ccbb58558bac
  rack-session (2.1.1) sha256=0b6dc07dea7e4b583f58a48e8b806d4c9f1c6c9214ebc202ec94562cbea2e4e9
  rackup (2.3.1) sha256=6c79c26753778e90983761d677a48937ee3192b3ffef6bc963c0950f94688868
  rake (13.3.1) sha256=8c9e89d09f66a26a01264e7e3480ec0607f0c497a861ef16063604b1b08eb19c
  regexp_parser (2.11.3) sha256=ca13f381a173b7a93450e53459075c9b76a10433caadcb2f1180f2c741fc55a4
  ruby2_keywords (0.0.5) sha256=ffd13740c573b7301cf7a2e61fc857b2a8e3d3aff32545d6f8300d8bae10e3ef
  ruby2js (5.1.2)
  sinatra (4.2.1) sha256=b7aeb9b11d046b552972ade834f1f9be98b185fa8444480688e3627625377080
  tilt (2.6.1) sha256=35a99bba2adf7c1e362f5b48f9b581cce4edfba98117e34696dde6d308d84770

BUNDLED WITH
  4.0.3
